Microsoft Visual Studio Solution File, Format Version 12.00
# Visual Studio Version 17
VisualStudioVersion = 17.5.2.0
MinimumVisualStudioVersion = 10.0.40219.1
Project("{2150E333-8FDC-42A3-9474-1A3956D46DE8}") = "dotnet_api", "dotnet_api", "{DFC15267-5892-6E28-04AE-A45DCAA06EC1}"
EndProject
Project("{FAE04EC0-301F-11D3-BF4B-00C04F79EFBC}") = "BclApi", "dotnet_api\BclApi\BclApi.csproj", "{29C24FB7-E3A7-044F-F053-297C4F486E62}"
EndProject
Global
	GlobalSection(SolutionConfigurationPlatforms) = preSolution
		Debug|Any CPU = Debug|Any CPU
		Release|Any CPU = Release|Any CPU
	EndGlobalSection
	GlobalSection(ProjectConfigurationPlatforms) = postSolution
		{29C24FB7-E3A7-044F-F053-297C4F486E62}.Debug|Any CPU.ActiveCfg = Debug|Any CPU
		{29C24FB7-E3A7-044F-F053-297C4F486E62}.Debug|Any CPU.Build.0 = Debug|Any CPU
		{29C24FB7-E3A7-044F-F053-297C4F486E62}.Release|Any CPU.ActiveCfg = Release|Any CPU
		{29C24FB7-E3A7-044F-F053-297C4F486E62}.Release|Any CPU.Build.0 = Release|Any CPU
	EndGlobalSection
	GlobalSection(SolutionProperties) = preSolution
		HideSolutionNode = FALSE
	EndGlobalSection
	GlobalSection(NestedProjects) = preSolution
		{29C24FB7-E3A7-044F-F053-297C4F486E62} = {DFC15267-5892-6E28-04AE-A45DCAA06EC1}
	EndGlobalSection
	GlobalSection(ExtensibilityGlobals) = postSolution
		SolutionGuid = {AB820FE1-1977-4338-9FE7-801BCBF39821}
	EndGlobalSection
EndGlobal
